
Microsoft Visual Studio Solution File, Format Version 12.00
# Visual Studio Version 17
VisualStudioVersion = 17.10.35122.118
MinimumVisualStudioVersion = 10.0.40219.1
Project("{FAE04EC0-301F-11D3-BF4B-00C04F79EFBC}") = "QLBG", "QLBG.csproj", "{BCE18B02-92EC-4328-8D15-1AACC26B4EC3}"
EndProject
Global
	GlobalSection(SolutionConfigurationPlatforms) = preSolution
		Debug|Any CPU = Debug|Any CPU
		Release|Any CPU = Release|Any CPU
	EndGlobalSection
	GlobalSection(ProjectConfigurationPlatforms) = postSolution
		{BCE18B02-92EC-4328-8D15-1AACC26B4EC3}.Debug|Any CPU.ActiveCfg = Debug|Any CPU
		{BCE18B02-92EC-4328-8D15-1AACC26B4EC3}.Debug|Any CPU.Build.0 = Debug|Any CPU
		{BCE18B02-92EC-4328-8D15-1AACC26B4EC3}.Release|Any CPU.ActiveCfg = Release|Any CPU
		{BCE18B02-92EC-4328-8D15-1AACC26B4EC3}.Release|Any CPU.Build.0 = Release|Any CPU
	EndGlobalSection
	GlobalSection(SolutionProperties) = preSolution
		HideSolutionNode = FALSE
	EndGlobalSection
	GlobalSection(ExtensibilityGlobals) = postSolution
		SolutionGuid = {63D61BF8-1C6D-4876-95B1-21369C7A8595}
	EndGlobalSection
EndGlobal
